<?xml version="1.0" encoding="utf-8"?>
<Project ToolsVersion="4.0" xmlns="http://schemas.microsoft.com/developer/msbuild/2003">
  <ItemGroup>
    <Filter Include="Source Files">
      <UniqueIdentifier>{4FC737F1-C7A5-4376-A066-2A32D752A2FF}</UniqueIdentifier>
      <Extensions>cpp;c;cc;cxx;def;odl;idl;hpj;bat;asm;asmx</Extensions>
    </Filter>
    <Filter Include="Header Files">
      <UniqueIdentifier>{93995380-89BD-4b04-88EB-625FBE52EBFB}</UniqueIdentifier>
      <Extensions>h;hpp;hxx;hm;inl;inc;xsd</Extensions>
    </Filter>
    <Filter Include="Resource Files">
      <UniqueIdentifier>{67DA6AB6-F800-4c08-8B7A-83BB121AAD01}</UniqueIdentifier>
      <Extensions>rc;ico;cur;bmp;dlg;rc2;rct;bin;rgs;gif;jpg;jpeg;jpe;resx;tiff;tif;png;wav;mfcribbon-ms</Extensions>
    </Filter>
  </ItemGroup>
  <ItemGroup>
    <ClInclude Include="..\src\Params.h">
      <Filter>Header Files</Filter>
    </ClInclude>
    <ClInclude Include="..\src\SubbandAnalysis.h">
      <Filter>Header Files</Filter>
    </ClInclude>
    <ClInclude Include="..\src\Whitening.h">
      <Filter>Header Files</Filter>
    </ClInclude>
    <ClInclude Include="..\src\win_funcs.h">
      <Filter>Header Files</Filter>
    </ClInclude>
    <ClInclude Include="..\src\win_unistd.h">
      <Filter>Header Files</Filter>
    </ClInclude>
    <ClInclude Include="..\src\AudioBufferInput.h">
      <Filter>Header Files</Filter>
    </ClInclude>
    <ClInclude Include="..\src\AudioStreamInput.h">
      <Filter>Header Files</Filter>
    </ClInclude>
    <ClInclude Include="..\src\Base64.h">
      <Filter>Header Files</Filter>
    </ClInclude>
    <ClInclude Include="..\src\Codegen.h">
      <Filter>Header Files</Filter>
    </ClInclude>
    <ClInclude Include="..\src\Common.h">
      <Filter>Header Files</Filter>
    </ClInclude>
    <ClInclude Include="..\src\File.h">
      <Filter>Header Files</Filter>
    </ClInclude>
    <ClInclude Include="..\src\Fingerprint.h">
      <Filter>Header Files</Filter>
    </ClInclude>
    <ClInclude Include="..\src\MatrixUtility.h">
      <Filter>Header Files</Filter>
    </ClInclude>
    <ClInclude Include="..\src\Metadata.h">
      <Filter>Header Files</Filter>
    </ClInclude>
  </ItemGroup>
  <ItemGroup>
    <ClCompile Include="..\src\Base64.cxx">
      <Filter>Source Files</Filter>
    </ClCompile>
    <ClCompile Include="..\src\Codegen.cxx">
      <Filter>Source Files</Filter>
    </ClCompile>
    <ClCompile Include="..\src\Fingerprint.cxx">
      <Filter>Source Files</Filter>
    </ClCompile>
    <ClCompile Include="..\src\main.cxx">
      <Filter>Source Files</Filter>
    </ClCompile>
    <ClCompile Include="..\src\MatrixUtility.cxx">
      <Filter>Source Files</Filter>
    </ClCompile>
    <ClCompile Include="..\src\Metadata.cxx">
      <Filter>Source Files</Filter>
    </ClCompile>
    <ClCompile Include="..\src\SubbandAnalysis.cxx">
      <Filter>Source Files</Filter>
    </ClCompile>
    <ClCompile Include="..\src\Whitening.cxx">
      <Filter>Source Files</Filter>
    </ClCompile>
    <ClCompile Include="..\src\AudioBufferInput.cxx">
      <Filter>Source Files</Filter>
    </ClCompile>
    <ClCompile Include="..\src\AudioStreamInput.cxx">
      <Filter>Source Files</Filter>
    </ClCompile>
  </ItemGroup>
</Project>